PODS:
  - battery_library (0.0.1):
    - Flutter
  - Flutter (1.0.0)

DEPENDENCIES:
  - battery_library (from `.symlinks/plugins/battery_library/ios`)
  - Flutter (from `Flutter`)

EXTERNAL SOURCES:
  battery_library:
    :path: ".symlinks/plugins/battery_library/ios"
  Flutter:
    :path: Flutter

SPEC CHECKSUMS:
  battery_library: f57799692ba11c432fbe1544d0807cfeb0dbb5db
  Flutter: 434fef37c0980e73bb6479ef766c45957d4b510c

PODFILE CHECKSUM: aafe91acc616949ddb318b77800a7f51bffa2a4c

COCOAPODS: 1.10.1
